// !$*UTF8*$!
{
	archiveVersion = 1;
	classes = {
	};
	objectVersion = 46;
	objects = {

/* Begin PBXBuildFile section */
		OBJ_30 /* Charater.swift in Sources */ = {isa = PBXBuildFile; fileRef = OBJ_9 /* Charater.swift */; };
		OBJ_31 /* CKit.swift in Sources */ = {isa = PBXBuildFile; fileRef = OBJ_10 /* CKit.swift */; };
		OBJ_32 /* Date.swift in Sources */ = {isa = PBXBuildFile; fileRef = OBJ_11 /* Date.swift */; };
		OBJ_33 /* Dirent.swift in Sources */ = {isa = PBXBuildFile; fileRef = OBJ_12 /* Dirent.swift */; };
		OBJ_34 /* errno.swift in Sources */ = {isa = PBXBuildFile; fileRef = OBJ_13 /* errno.swift */; };
		OBJ_35 /* FileStatus.swift in Sources */ = {isa = PBXBuildFile; fileRef = OBJ_14 /* FileStatus.swift */; };
		OBJ_36 /* OpaqueObject.swift in Sources */ = {isa = PBXBuildFile; fileRef = OBJ_15 /* OpaqueObject.swift */; };
		OBJ_37 /* Pointer.swift in Sources */ = {isa = PBXBuildFile; fileRef = OBJ_16 /* Pointer.swift */; };
		OBJ_38 /* sys.swift in Sources */ = {isa = PBXBuildFile; fileRef = OBJ_17 /* sys.swift */; };
		OBJ_39 /* User.swift in Sources */ = {isa = PBXBuildFile; fileRef = OBJ_18 /* User.swift */; };
		OBJ_46 /* CKitTests.swift in Sources */ = {isa = PBXBuildFile; fileRef = OBJ_21 /* CKitTests.swift */; };
		OBJ_48 /* CKit.framework in Frameworks */ = {isa = PBXBuildFile; fileRef = OBJ_23 /* CKit.framework */; };
/* End PBXBuildFile section */

/* Begin PBXContainerItemProxy section */
		CE31646E1E63BA9D00428846 /* PBXContainerItemProxy */ = {
			isa = PBXContainerItemProxy;
			containerPortal = OBJ_1 /* Project object */;
			proxyType = 1;
			remoteGlobalIDString = OBJ_25;
			remoteInfo = CKit;
		};
/* End PBXContainerItemProxy section */

/* Begin PBXFileReference section */
		OBJ_10 /* CKit.swift */ = {isa = PBXFileReference; lastKnownFileType = sourcecode.swift; path = CKit.swift; sourceTree = "<group>"; };
		OBJ_11 /* Date.swift */ = {isa = PBXFileReference; lastKnownFileType = sourcecode.swift; path = Date.swift; sourceTree = "<group>"; };
		OBJ_12 /* Dirent.swift */ = {isa = PBXFileReference; lastKnownFileType = sourcecode.swift; path = Dirent.swift; sourceTree = "<group>"; };
		OBJ_13 /* errno.swift */ = {isa = PBXFileReference; lastKnownFileType = sourcecode.swift; path = errno.swift; sourceTree = "<group>"; };
		OBJ_14 /* FileStatus.swift */ = {isa = PBXFileReference; lastKnownFileType = sourcecode.swift; path = FileStatus.swift; sourceTree = "<group>"; };
		OBJ_15 /* OpaqueObject.swift */ = {isa = PBXFileReference; lastKnownFileType = sourcecode.swift; path = OpaqueObject.swift; sourceTree = "<group>"; };
		OBJ_16 /* Pointer.swift */ = {isa = PBXFileReference; lastKnownFileType = sourcecode.swift; path = Pointer.swift; sourceTree = "<group>"; };
		OBJ_17 /* sys.swift */ = {isa = PBXFileReference; lastKnownFileType = sourcecode.swift; path = sys.swift; sourceTree = "<group>"; };
		OBJ_18 /* User.swift */ = {isa = PBXFileReference; lastKnownFileType = sourcecode.swift; path = User.swift; sourceTree = "<group>"; };
		OBJ_21 /* CKitTests.swift */ = {isa = PBXFileReference; lastKnownFileType = sourcecode.swift; path = CKitTests.swift; sourceTree = "<group>"; };
		OBJ_23 /* CKit.framework */ = {isa = PBXFileReference; explicitFileType = wrapper.framework; path = CKit.framework; sourceTree = BUILT_PRODUCTS_DIR; };
		OBJ_24 /* CKitTests.xctest */ = {isa = PBXFileReference; lastKnownFileType = file; path = CKitTests.xctest; sourceTree = BUILT_PRODUCTS_DIR; };
		OBJ_6 /* Package.swift */ = {isa = PBXFileReference; explicitFileType = sourcecode.swift; path = Package.swift; sourceTree = "<group>"; };
		OBJ_9 /* Charater.swift */ = {isa = PBXFileReference; lastKnownFileType = sourcecode.swift; path = Charater.swift; sourceTree = "<group>"; };
/* End PBXFileReference section */

/* Begin PBXFrameworksBuildPhase section */
		OBJ_40 /* Frameworks */ = {
			isa = PBXFrameworksBuildPhase;
			buildActionMask = 0;
			files = (
			);
			runOnlyForDeploymentPostprocessing = 0;
		};
		OBJ_47 /* Frameworks */ = {
			isa = PBXFrameworksBuildPhase;
			buildActionMask = 0;
			files = (
				OBJ_48 /* CKit.framework in Frameworks */,
			);
			runOnlyForDeploymentPostprocessing = 0;
		};
/* End PBXFrameworksBuildPhase section */

/* Begin PBXGroup section */
		OBJ_19 /* Tests */ = {
			isa = PBXGroup;
			children = (
				OBJ_20 /* CKitTests */,
			);
			path = Tests;
			sourceTree = "<group>";
		};
		OBJ_20 /* CKitTests */ = {
			isa = PBXGroup;
			children = (
				OBJ_21 /* CKitTests.swift */,
			);
			name = CKitTests;
			path = Tests/CKitTests;
			sourceTree = SOURCE_ROOT;
		};
		OBJ_22 /* Products */ = {
			isa = PBXGroup;
			children = (
				OBJ_23 /* CKit.framework */,
				OBJ_24 /* CKitTests.xctest */,
			);
			name = Products;
			sourceTree = BUILT_PRODUCTS_DIR;
		};
		OBJ_5 /*  */ = {
			isa = PBXGroup;
			children = (
				OBJ_6 /* Package.swift */,
				OBJ_7 /* Sources */,
				OBJ_19 /* Tests */,
				OBJ_22 /* Products */,
			);
			name = "";
			sourceTree = "<group>";
		};
		OBJ_7 /* Sources */ = {
			isa = PBXGroup;
			children = (
				OBJ_8 /* CKit */,
			);
			path = Sources;
			sourceTree = "<group>";
		};
		OBJ_8 /* CKit */ = {
			isa = PBXGroup;
			children = (
				OBJ_9 /* Charater.swift */,
				OBJ_10 /* CKit.swift */,
				OBJ_11 /* Date.swift */,
				OBJ_12 /* Dirent.swift */,
				OBJ_13 /* errno.swift */,
				OBJ_14 /* FileStatus.swift */,
				OBJ_15 /* OpaqueObject.swift */,
				OBJ_16 /* Pointer.swift */,
				OBJ_17 /* sys.swift */,
				OBJ_18 /* User.swift */,
			);
			name = CKit;
			path = Sources;
			sourceTree = SOURCE_ROOT;
		};
/* End PBXGroup section */

/* Begin PBXNativeTarget section */
		OBJ_25 /* CKit */ = {
			isa = PBXNativeTarget;
			buildConfigurationList = OBJ_26 /* Build configuration list for PBXNativeTarget "CKit" */;
			buildPhases = (
				OBJ_29 /* Sources */,
				OBJ_40 /* Frameworks */,
			);
			buildRules = (
			);
			dependencies = (
			);
			name = CKit;
			productName = CKit;
			productReference = OBJ_23 /* CKit.framework */;
			productType = "com.apple.product-type.framework";
		};
		OBJ_41 /* CKitTests */ = {
			isa = PBXNativeTarget;
			buildConfigurationList = OBJ_42 /* Build configuration list for PBXNativeTarget "CKitTests" */;
			buildPhases = (
				OBJ_45 /* Sources */,
				OBJ_47 /* Frameworks */,
			);
			buildRules = (
			);
			dependencies = (
				OBJ_49 /* PBXTargetDependency */,
			);
			name = CKitTests;
			productName = CKitTests;
			productReference = OBJ_24 /* CKitTests.xctest */;
			productType = "com.apple.product-type.bundle.unit-test";
		};
/* End PBXNativeTarget section */

/* Begin PBXProject section */
		OBJ_1 /* Project object */ = {
			isa = PBXProject;
			attributes = {
				LastUpgradeCheck = 9999;
			};
			buildConfigurationList = OBJ_2 /* Build configuration list for PBXProject "CKit" */;
			compatibilityVersion = "Xcode 3.2";
			developmentRegion = English;
			hasScannedForEncodings = 0;
			knownRegions = (
				en,
			);
			mainGroup = OBJ_5 /*  */;
			productRefGroup = OBJ_22 /* Products */;
			projectDirPath = "";
			projectRoot = "";
			targets = (
				OBJ_25 /* CKit */,
				OBJ_41 /* CKitTests */,
			);
		};
/* End PBXProject section */

/* Begin PBXSourcesBuildPhase section */
		OBJ_29 /* Sources */ = {
			isa = PBXSourcesBuildPhase;
			buildActionMask = 0;
			files = (
				OBJ_30 /* Charater.swift in Sources */,
				OBJ_31 /* CKit.swift in Sources */,
				OBJ_32 /* Date.swift in Sources */,
				OBJ_33 /* Dirent.swift in Sources */,
				OBJ_34 /* errno.swift in Sources */,
				OBJ_35 /* FileStatus.swift in Sources */,
				OBJ_36 /* OpaqueObject.swift in Sources */,
				OBJ_37 /* Pointer.swift in Sources */,
				OBJ_38 /* sys.swift in Sources */,
				OBJ_39 /* User.swift in Sources */,
			);
			runOnlyForDeploymentPostprocessing = 0;
		};
		OBJ_45 /* Sources */ = {
			isa = PBXSourcesBuildPhase;
			buildActionMask = 0;
			files = (
				OBJ_46 /* CKitTests.swift in Sources */,
			);
			runOnlyForDeploymentPostprocessing = 0;
		};
/* End PBXSourcesBuildPhase section */

/* Begin PBXTargetDependency section */
		OBJ_49 /* PBXTargetDependency */ = {
			isa = PBXTargetDependency;
			target = OBJ_25 /* CKit */;
			targetProxy = CE31646E1E63BA9D00428846 /* PBXContainerItemProxy */;
		};
/* End PBXTargetDependency section */

/* Begin XCBuildConfiguration section */
		OBJ_27 /* Debug */ = {
			isa = XCBuildConfiguration;
			buildSettings = {
				ENABLE_TESTABILITY = YES;
				FRAMEWORK_SEARCH_PATHS = (
					"$(inherited)",
					"$(PLATFORM_DIR)/Developer/Library/Frameworks",
				);
				HEADER_SEARCH_PATHS = "$(inherited)";
				INFOPLIST_FILE = CKit.xcodeproj/CKit_Info.plist;
				LD_RUNPATH_SEARCH_PATHS = "$(TOOLCHAIN_DIR)/usr/lib/swift/macosx";
				OTHER_LDFLAGS = "$(inherited)";
				OTHER_SWIFT_FLAGS = "$(inherited)";
				PRODUCT_BUNDLE_IDENTIFIER = CKit;
				PRODUCT_MODULE_NAME = "$(TARGET_NAME:c99extidentifier)";
				PRODUCT_NAME = "$(TARGET_NAME:c99extidentifier)";
				TARGET_NAME = CKit;
			};
			name = Debug;
		};
		OBJ_28 /* Release */ = {
			isa = XCBuildConfiguration;
			buildSettings = {
				ENABLE_TESTABILITY = YES;
				FRAMEWORK_SEARCH_PATHS = (
					"$(inherited)",
					"$(PLATFORM_DIR)/Developer/Library/Frameworks",
				);
				HEADER_SEARCH_PATHS = "$(inherited)";
				INFOPLIST_FILE = CKit.xcodeproj/CKit_Info.plist;
				LD_RUNPATH_SEARCH_PATHS = "$(TOOLCHAIN_DIR)/usr/lib/swift/macosx";
				OTHER_LDFLAGS = "$(inherited)";
				OTHER_SWIFT_FLAGS = "$(inherited)";
				PRODUCT_BUNDLE_IDENTIFIER = CKit;
				PRODUCT_MODULE_NAME = "$(TARGET_NAME:c99extidentifier)";
				PRODUCT_NAME = "$(TARGET_NAME:c99extidentifier)";
				TARGET_NAME = CKit;
			};
			name = Release;
		};
		OBJ_3 /* Debug */ = {
			isa = XCBuildConfiguration;
			buildSettings = {
				COMBINE_HIDPI_IMAGES = YES;
				COPY_PHASE_STRIP = NO;
				DEBUG_INFORMATION_FORMAT = dwarf;
				DYLIB_INSTALL_NAME_BASE = "@rpath";
				ENABLE_NS_ASSERTIONS = YES;
				GCC_OPTIMIZATION_LEVEL = 0;
				MACOSX_DEPLOYMENT_TARGET = 10.10;
				ONLY_ACTIVE_ARCH = YES;
				OTHER_SWIFT_FLAGS = "-DXcode";
				PRODUCT_NAME = "$(TARGET_NAME)";
				SDKROOT = macosx;
				SUPPORTED_PLATFORMS = "macosx iphoneos iphonesimulator appletvos appletvsimulator watchos watchsimulator";
				SWIFT_ACTIVE_COMPILATION_CONDITIONS = SWIFT_PACKAGE;
				SWIFT_OPTIMIZATION_LEVEL = "-Onone";
				SWIFT_VERSION = 3.0;
				USE_HEADERMAP = NO;
			};
			name = Debug;
		};
		OBJ_4 /* Release */ = {
			isa = XCBuildConfiguration;
			buildSettings = {
				COMBINE_HIDPI_IMAGES = YES;
				COPY_PHASE_STRIP = YES;
				DEBUG_INFORMATION_FORMAT = "dwarf-with-dsym";
				DYLIB_INSTALL_NAME_BASE = "@rpath";
				GCC_OPTIMIZATION_LEVEL = s;
				MACOSX_DEPLOYMENT_TARGET = 10.10;
				OTHER_SWIFT_FLAGS = "-DXcode";
				PRODUCT_NAME = "$(TARGET_NAME)";
				SDKROOT = macosx;
				SUPPORTED_PLATFORMS = "macosx iphoneos iphonesimulator appletvos appletvsimulator watchos watchsimulator";
				SWIFT_ACTIVE_COMPILATION_CONDITIONS = SWIFT_PACKAGE;
				SWIFT_OPTIMIZATION_LEVEL = "-O";
				SWIFT_VERSION = 3.0;
				USE_HEADERMAP = NO;
			};
			name = Release;
		};
		OBJ_43 /* Debug */ = {
			isa = XCBuildConfiguration;
			buildSettings = {
				EMBEDDED_CONTENT_CONTAINS_SWIFT = YES;
				FRAMEWORK_SEARCH_PATHS = (
					"$(inherited)",
					"$(PLATFORM_DIR)/Developer/Library/Frameworks",
				);
				HEADER_SEARCH_PATHS = "$(inherited)";
				INFOPLIST_FILE = CKit.xcodeproj/CKitTests_Info.plist;
				LD_RUNPATH_SEARCH_PATHS = "@loader_path/../Frameworks";
				OTHER_LDFLAGS = "$(inherited)";
				OTHER_SWIFT_FLAGS = "$(inherited)";
				TARGET_NAME = CKitTests;
			};
			name = Debug;
		};
		OBJ_44 /* Release */ = {
			isa = XCBuildConfiguration;
			buildSettings = {
				EMBEDDED_CONTENT_CONTAINS_SWIFT = YES;
				FRAMEWORK_SEARCH_PATHS = (
					"$(inherited)",
					"$(PLATFORM_DIR)/Developer/Library/Frameworks",
				);
				HEADER_SEARCH_PATHS = "$(inherited)";
				INFOPLIST_FILE = CKit.xcodeproj/CKitTests_Info.plist;
				LD_RUNPATH_SEARCH_PATHS = "@loader_path/../Frameworks";
				OTHER_LDFLAGS = "$(inherited)";
				OTHER_SWIFT_FLAGS = "$(inherited)";
				TARGET_NAME = CKitTests;
			};
			name = Release;
		};
/* End XCBuildConfiguration section */

/* Begin XCConfigurationList section */
		OBJ_2 /* Build configuration list for PBXProject "CKit" */ = {
			isa = XCConfigurationList;
			buildConfigurations = (
				OBJ_3 /* Debug */,
				OBJ_4 /* Release */,
			);
			defaultConfigurationIsVisible = 0;
			defaultConfigurationName = Debug;
		};
		OBJ_26 /* Build configuration list for PBXNativeTarget "CKit" */ = {
			isa = XCConfigurationList;
			buildConfigurations = (
				OBJ_27 /* Debug */,
				OBJ_28 /* Release */,
			);
			defaultConfigurationIsVisible = 0;
			defaultConfigurationName = Debug;
		};
		OBJ_42 /* Build configuration list for PBXNativeTarget "CKitTests" */ = {
			isa = XCConfigurationList;
			buildConfigurations = (
				OBJ_43 /* Debug */,
				OBJ_44 /* Release */,
			);
			defaultConfigurationIsVisible = 0;
			defaultConfigurationName = Debug;
		};
/* End XCConfigurationList section */
	};
	rootObject = OBJ_1 /* Project object */;
}
